
Microsoft Visual Studio Solution File, Format Version 12.00
# Visual Studio Version 16
VisualStudioVersion = 16.0.31729.503
MinimumVisualStudioVersion = 10.0.40219.1
Project("{FAE04EC0-301F-11D3-BF4B-00C04F79EFBC}") = "uc9", "uc9\uc9.csproj", "{C9C192E4-663E-4523-ADDD-A8BA7026F7FB}"
EndProject
Global
	GlobalSection(SolutionConfigurationPlatforms) = preSolution
		Debug|Any CPU = Debug|Any CPU
		Release|Any CPU = Release|Any CPU
	EndGlobalSection
	GlobalSection(ProjectConfigurationPlatforms) = postSolution
		{C9C192E4-663E-4523-ADDD-A8BA7026F7FB}.Debug|Any CPU.ActiveCfg = Debug|Any CPU
		{C9C192E4-663E-4523-ADDD-A8BA7026F7FB}.Debug|Any CPU.Build.0 = Debug|Any CPU
		{C9C192E4-663E-4523-ADDD-A8BA7026F7FB}.Release|Any CPU.ActiveCfg = Release|Any CPU
		{C9C192E4-663E-4523-ADDD-A8BA7026F7FB}.Release|Any CPU.Build.0 = Release|Any CPU
	EndGlobalSection
	GlobalSection(SolutionProperties) = preSolution
		HideSolutionNode = FALSE
	EndGlobalSection
	GlobalSection(ExtensibilityGlobals) = postSolution
		SolutionGuid = {9EB6E732-7434-424E-B7CF-B4180330C88E}
	EndGlobalSection
EndGlobal
